
Microsoft Visual Studio Solution File, Format Version 12.00
# Visual Studio Version 17
VisualStudioVersion = 17.5.33414.496
MinimumVisualStudioVersion = 10.0.40219.1
Project("{FAE04EC0-301F-11D3-BF4B-00C04F79EFBC}") = "Beerlib", "Beerlib\Beerlib.csproj", "{3BC9ADCC-64B7-4EEA-B2D3-0D2065F81AAD}"
EndProject
Project("{FAE04EC0-301F-11D3-BF4B-00C04F79EFBC}") = "BeerlibTests", "BeerlibTests\BeerlibTests.csproj", "{2F031AAE-0CBD-4B90-88E9-2FF32933A826}"
EndProject
Global
	GlobalSection(SolutionConfigurationPlatforms) = preSolution
		Debug|Any CPU = Debug|Any CPU
		Release|Any CPU = Release|Any CPU
	EndGlobalSection
	GlobalSection(ProjectConfigurationPlatforms) = postSolution
		{3BC9ADCC-64B7-4EEA-B2D3-0D2065F81AAD}.Debug|Any CPU.ActiveCfg = Debug|Any CPU
		{3BC9ADCC-64B7-4EEA-B2D3-0D2065F81AAD}.Debug|Any CPU.Build.0 = Debug|Any CPU
		{3BC9ADCC-64B7-4EEA-B2D3-0D2065F81AAD}.Release|Any CPU.ActiveCfg = Release|Any CPU
		{3BC9ADCC-64B7-4EEA-B2D3-0D2065F81AAD}.Release|Any CPU.Build.0 = Release|Any CPU
		{2F031AAE-0CBD-4B90-88E9-2FF32933A826}.Debug|Any CPU.ActiveCfg = Debug|Any CPU
		{2F031AAE-0CBD-4B90-88E9-2FF32933A826}.Debug|Any CPU.Build.0 = Debug|Any CPU
		{2F031AAE-0CBD-4B90-88E9-2FF32933A826}.Release|Any CPU.ActiveCfg = Release|Any CPU
		{2F031AAE-0CBD-4B90-88E9-2FF32933A826}.Release|Any CPU.Build.0 = Release|Any CPU
	EndGlobalSection
	GlobalSection(SolutionProperties) = preSolution
		HideSolutionNode = FALSE
	EndGlobalSection
	GlobalSection(ExtensibilityGlobals) = postSolution
		SolutionGuid = {D8ECE707-5559-44DA-A0DE-D3E6B7D1E58F}
	EndGlobalSection
EndGlobal
